
Microsoft Visual Studio Solution File, Format Version 12.00
# Visual Studio 15
VisualStudioVersion = 15.0.28307.421
MinimumVisualStudioVersion = 10.0.40219.1
Project("{FAE04EC0-301F-11D3-BF4B-00C04F79EFBC}") = "CB_Choice", "CB_Choice\CB_Choice.csproj", "{F05E4948-CFF8-477D-9561-E8299A6B8F8F}"
EndProject
Global
	GlobalSection(SolutionConfigurationPlatforms) = preSolution
		Debug|Any CPU = Debug|Any CPU
		Release|Any CPU = Release|Any CPU
	EndGlobalSection
	GlobalSection(ProjectConfigurationPlatforms) = postSolution
		{F05E4948-CFF8-477D-9561-E8299A6B8F8F}.Debug|Any CPU.ActiveCfg = Debug|Any CPU
		{F05E4948-CFF8-477D-9561-E8299A6B8F8F}.Debug|Any CPU.Build.0 = Debug|Any CPU
		{F05E4948-CFF8-477D-9561-E8299A6B8F8F}.Release|Any CPU.ActiveCfg = Release|Any CPU
		{F05E4948-CFF8-477D-9561-E8299A6B8F8F}.Release|Any CPU.Build.0 = Release|Any CPU
	EndGlobalSection
	GlobalSection(SolutionProperties) = preSolution
		HideSolutionNode = FALSE
	EndGlobalSection
	GlobalSection(ExtensibilityGlobals) = postSolution
		SolutionGuid = {1387B1B7-CFDB-4671-8D81-E1EF28084ED2}
	EndGlobalSection
EndGlobal
